Microsoft Visual Studio Solution File, Format Version 12.00
# Visual Studio Version 17
VisualStudioVersion = 17.0.31903.59
MinimumVisualStudioVersion = 10.0.40219.1
Project("{FAE04EC0-301F-11D3-BF4B-00C04F79EFBC}") = "OpenSteamClient", "OpenSteamClient\OpenSteamClient.csproj", "{F99A1010-054A-41B8-88E3-830E0BBB66EF}"
EndProject
Project("{FAE04EC0-301F-11D3-BF4B-00C04F79EFBC}") = "OpenSteamworks.Client", "OpenSteamworks.Client\OpenSteamworks.Client.csproj", "{FFA4DBFB-4F66-4EBF-9A84-4F19A7ADAF95}"
EndProject
Project("{FAE04EC0-301F-11D3-BF4B-00C04F79EFBC}") = "Installer", "Installer\Installer.csproj", "{0DF0A8CB-BEA8-4809-9532-FA084BE99407}"
EndProject
Project("{FAE04EC0-301F-11D3-BF4B-00C04F79EFBC}") = "AvaloniaCommon", "AvaloniaCommon\AvaloniaCommon.csproj", "{DCB34015-EED4-4ACA-9620-734CFB74A943}"
EndProject
Project("{FAE04EC0-301F-11D3-BF4B-00C04F79EFBC}") = "GameOverlayUI", "GameOverlayUI\GameOverlayUI.csproj", "{BC50FC00-E846-4A2A-B759-98C39B238F7A}"
EndProject
Project("{FAE04EC0-301F-11D3-BF4B-00C04F79EFBC}") = "GameOverlayDebugTarget", "GameOverlayDebugTarget\GameOverlayDebugTarget.csproj", "{B12E4BB3-1FA6-46F7-9C81-200C17F784CC}"
EndProject
Project("{FAE04EC0-301F-11D3-BF4B-00C04F79EFBC}") = "ChromeTestClient", "ChromeTestClient\ChromeTestClient.csproj", "{B1019060-FAA1-43C2-BA41-2044114DE39C}"
EndProject
Project("{FAE04EC0-301F-11D3-BF4B-00C04F79EFBC}") = "OpenSteamworks", "..\OpenSteamworks\OpenSteamworks\OpenSteamworks.csproj", "{12E82CE5-AA43-4E0E-A90A-3A5025E88147}"
EndProject
Project("{FAE04EC0-301F-11D3-BF4B-00C04F79EFBC}") = "OpenSteamworks.Messaging.SharedConnection", "..\OpenSteamworks\OpenSteamworks.Messaging.SharedConnection\OpenSteamworks.Messaging.SharedConnection.csproj", "{369B9BC0-CD93-49B7-AEE9-A1396A051B8A}"
EndProject
Project("{FAE04EC0-301F-11D3-BF4B-00C04F79EFBC}") = "OpenSteamworks.Messaging", "..\OpenSteamworks\OpenSteamworks.Messaging\OpenSteamworks.Messaging.csproj", "{7F9F15AB-C758-4811-9206-AFA35838601E}"
EndProject
Project("{FAE04EC0-301F-11D3-BF4B-00C04F79EFBC}") = "OpenSteamworks.Data", "..\OpenSteamworks\OpenSteamworks.Data\OpenSteamworks.Data.csproj", "{96C74E02-6F7B-49AE-AAE0-8DE0A9BCE580}"
EndProject
Project("{FAE04EC0-301F-11D3-BF4B-00C04F79EFBC}") = "CppSourceGen.Generator", "..\OpenSteamworks\CppSourceGen.Generator\CppSourceGen.Generator.csproj", "{C26A136F-2C8F-4080-A860-B1DA04837D30}"
EndProject
Global
	GlobalSection(SolutionConfigurationPlatforms) = preSolution
		Debug|Any CPU = Debug|Any CPU
		Release|Any CPU = Release|Any CPU
	EndGlobalSection
	GlobalSection(SolutionProperties) = preSolution
		HideSolutionNode = FALSE
	EndGlobalSection
	GlobalSection(ProjectConfigurationPlatforms) = postSolution
		{F99A1010-054A-41B8-88E3-830E0BBB66EF}.Debug|Any CPU.ActiveCfg = Debug|Any CPU
		{F99A1010-054A-41B8-88E3-830E0BBB66EF}.Debug|Any CPU.Build.0 = Debug|Any CPU
		{F99A1010-054A-41B8-88E3-830E0BBB66EF}.Release|Any CPU.ActiveCfg = Release|Any CPU
		{F99A1010-054A-41B8-88E3-830E0BBB66EF}.Release|Any CPU.Build.0 = Release|Any CPU
		{FFA4DBFB-4F66-4EBF-9A84-4F19A7ADAF95}.Debug|Any CPU.ActiveCfg = Debug|Any CPU
		{FFA4DBFB-4F66-4EBF-9A84-4F19A7ADAF95}.Debug|Any CPU.Build.0 = Debug|Any CPU
		{FFA4DBFB-4F66-4EBF-9A84-4F19A7ADAF95}.Release|Any CPU.ActiveCfg = Release|Any CPU
		{FFA4DBFB-4F66-4EBF-9A84-4F19A7ADAF95}.Release|Any CPU.Build.0 = Release|Any CPU
		{0DF0A8CB-BEA8-4809-9532-FA084BE99407}.Debug|Any CPU.ActiveCfg = Debug|Any CPU
		{0DF0A8CB-BEA8-4809-9532-FA084BE99407}.Debug|Any CPU.Build.0 = Debug|Any CPU
		{0DF0A8CB-BEA8-4809-9532-FA084BE99407}.Release|Any CPU.ActiveCfg = Release|Any CPU
		{0DF0A8CB-BEA8-4809-9532-FA084BE99407}.Release|Any CPU.Build.0 = Release|Any CPU
		{DCB34015-EED4-4ACA-9620-734CFB74A943}.Debug|Any CPU.ActiveCfg = Debug|Any CPU
		{DCB34015-EED4-4ACA-9620-734CFB74A943}.Debug|Any CPU.Build.0 = Debug|Any CPU
		{DCB34015-EED4-4ACA-9620-734CFB74A943}.Release|Any CPU.ActiveCfg = Release|Any CPU
		{DCB34015-EED4-4ACA-9620-734CFB74A943}.Release|Any CPU.Build.0 = Release|Any CPU
		{BC50FC00-E846-4A2A-B759-98C39B238F7A}.Debug|Any CPU.ActiveCfg = Debug|Any CPU
		{BC50FC00-E846-4A2A-B759-98C39B238F7A}.Debug|Any CPU.Build.0 = Debug|Any CPU
		{BC50FC00-E846-4A2A-B759-98C39B238F7A}.Release|Any CPU.ActiveCfg = Release|Any CPU
		{BC50FC00-E846-4A2A-B759-98C39B238F7A}.Release|Any CPU.Build.0 = Release|Any CPU
		{B12E4BB3-1FA6-46F7-9C81-200C17F784CC}.Debug|Any CPU.ActiveCfg = Debug|Any CPU
		{B12E4BB3-1FA6-46F7-9C81-200C17F784CC}.Debug|Any CPU.Build.0 = Debug|Any CPU
		{B12E4BB3-1FA6-46F7-9C81-200C17F784CC}.Release|Any CPU.ActiveCfg = Release|Any CPU
		{B12E4BB3-1FA6-46F7-9C81-200C17F784CC}.Release|Any CPU.Build.0 = Release|Any CPU
		{B1019060-FAA1-43C2-BA41-2044114DE39C}.Debug|Any CPU.ActiveCfg = Debug|Any CPU
		{B1019060-FAA1-43C2-BA41-2044114DE39C}.Debug|Any CPU.Build.0 = Debug|Any CPU
		{B1019060-FAA1-43C2-BA41-2044114DE39C}.Release|Any CPU.ActiveCfg = Release|Any CPU
		{B1019060-FAA1-43C2-BA41-2044114DE39C}.Release|Any CPU.Build.0 = Release|Any CPU
		{12E82CE5-AA43-4E0E-A90A-3A5025E88147}.Debug|Any CPU.ActiveCfg = Debug|Any CPU
		{12E82CE5-AA43-4E0E-A90A-3A5025E88147}.Debug|Any CPU.Build.0 = Debug|Any CPU
		{12E82CE5-AA43-4E0E-A90A-3A5025E88147}.Release|Any CPU.ActiveCfg = Release|Any CPU
		{12E82CE5-AA43-4E0E-A90A-3A5025E88147}.Release|Any CPU.Build.0 = Release|Any CPU
		{369B9BC0-CD93-49B7-AEE9-A1396A051B8A}.Debug|Any CPU.ActiveCfg = Debug|Any CPU
		{369B9BC0-CD93-49B7-AEE9-A1396A051B8A}.Debug|Any CPU.Build.0 = Debug|Any CPU
		{369B9BC0-CD93-49B7-AEE9-A1396A051B8A}.Release|Any CPU.ActiveCfg = Release|Any CPU
		{369B9BC0-CD93-49B7-AEE9-A1396A051B8A}.Release|Any CPU.Build.0 = Release|Any CPU
		{7F9F15AB-C758-4811-9206-AFA35838601E}.Debug|Any CPU.ActiveCfg = Debug|Any CPU
		{7F9F15AB-C758-4811-9206-AFA35838601E}.Debug|Any CPU.Build.0 = Debug|Any CPU
		{7F9F15AB-C758-4811-9206-AFA35838601E}.Release|Any CPU.ActiveCfg = Release|Any CPU
		{7F9F15AB-C758-4811-9206-AFA35838601E}.Release|Any CPU.Build.0 = Release|Any CPU
		{96C74E02-6F7B-49AE-AAE0-8DE0A9BCE580}.Debug|Any CPU.ActiveCfg = Debug|Any CPU
		{96C74E02-6F7B-49AE-AAE0-8DE0A9BCE580}.Debug|Any CPU.Build.0 = Debug|Any CPU
		{96C74E02-6F7B-49AE-AAE0-8DE0A9BCE580}.Release|Any CPU.ActiveCfg = Release|Any CPU
		{96C74E02-6F7B-49AE-AAE0-8DE0A9BCE580}.Release|Any CPU.Build.0 = Release|Any CPU
		{C26A136F-2C8F-4080-A860-B1DA04837D30}.Debug|Any CPU.ActiveCfg = Debug|Any CPU
		{C26A136F-2C8F-4080-A860-B1DA04837D30}.Debug|Any CPU.Build.0 = Debug|Any CPU
		{C26A136F-2C8F-4080-A860-B1DA04837D30}.Release|Any CPU.ActiveCfg = Release|Any CPU
		{C26A136F-2C8F-4080-A860-B1DA04837D30}.Release|Any CPU.Build.0 = Release|Any CPU
	EndGlobalSection
EndGlobal
